
Microsoft Visual Studio Solution File, Format Version 12.00
# Visual Studio 14
VisualStudioVersion = 14.0.25420.1
MinimumVisualStudioVersion = 10.0.40219.1
Project("{8BC9CEB8-8B4A-11D0-8D11-00A0C91BC942}") = "OGLBasicLighting", "OGLBasicLighting\OGLBasicLighting\OGLBasicLighting.vcxproj", "{1376D454-300C-4024-B6A1-2877FB86279B}"
EndProject
Project("{8BC9CEB8-8B4A-11D0-8D11-00A0C91BC942}") = "OglCamera", "OglCamera\OglCamera\OglCamera.vcxproj", "{135D2908-47EE-45F8-B647-71BE9197C804}"
EndProject
Project("{8BC9CEB8-8B4A-11D0-8D11-00A0C91BC942}") = "OGLColor", "OGLColor\OGLColor\OGLColor.vcxproj", "{645F4DD0-A3CC-481F-A9D6-CCC9FEDE439D}"
EndProject
Project("{8BC9CEB8-8B4A-11D0-8D11-00A0C91BC942}") = "OGLCoordinateSystems", "OGLCoordinateSystems\OGLCoordinateSystems\OGLCoordinateSystems.vcxproj", "{8E8FBE90-3826-4CC0-B2CA-05415A73D5A9}"
EndProject
Project("{8BC9CEB8-8B4A-11D0-8D11-00A0C91BC942}") = "OGLMaterials", "OGLMaterials\OGLMaterials\OGLMaterials.vcxproj", "{9D12214D-C999-4A9D-874B-71CF73B7D24D}"
EndProject
Project("{8BC9CEB8-8B4A-11D0-8D11-00A0C91BC942}") = "OglTexture", "OglTexture\OglTexture\OglTexture.vcxproj", "{76618EA0-FA97-4171-A234-EF419A191713}"
EndProject
Project("{8BC9CEB8-8B4A-11D0-8D11-00A0C91BC942}") = "OGLTriangleBase", "OGLTriangleBase\OGLTriangleBase\OGLTriangleBase.vcxproj", "{805FAE83-9FC6-48EF-B793-61F39E9560AB}"
EndProject
Project("{8BC9CEB8-8B4A-11D0-8D11-00A0C91BC942}") = "OGLLightCasters", "OGLLightCasters\OGLLightCasters\OGLLightCasters.vcxproj", "{34DD743F-4624-46B2-A540-9693F60A099F}"
EndProject
Project("{2150E333-8FDC-42A3-9474-1A3956D46DE8}") = "Solution Items", "Solution Items", "{ECA14C7B-A76F-485D-A1A7-F05B70E90BEE}"
EndProject
Project("{8BC9CEB8-8B4A-11D0-8D11-00A0C91BC942}") = "OGLLightingMaps", "OGLLightingMaps\OGLLightingMaps\OGLLightingMaps.vcxproj", "{997D2453-EB4E-4E3F-BB75-1B15D445E282}"
EndProject
Project("{8BC9CEB8-8B4A-11D0-8D11-00A0C91BC942}") = "OGLMultipleLights", "OGLMultipleLights\OGLMultipleLights\OGLMultipleLights.vcxproj", "{D918F968-64A2-406C-94D4-4815DC245DD8}"
EndProject
Global
	GlobalSection(SolutionConfigurationPlatforms) = preSolution
		Debug|x64 = Debug|x64
		Debug|x86 = Debug|x86
		Release|x64 = Release|x64
		Release|x86 = Release|x86
	EndGlobalSection
	GlobalSection(ProjectConfigurationPlatforms) = postSolution
		{1376D454-300C-4024-B6A1-2877FB86279B}.Debug|x64.ActiveCfg = Debug|x64
		{1376D454-300C-4024-B6A1-2877FB86279B}.Debug|x64.Build.0 = Debug|x64
		{1376D454-300C-4024-B6A1-2877FB86279B}.Debug|x86.ActiveCfg = Debug|Win32
		{1376D454-300C-4024-B6A1-2877FB86279B}.Debug|x86.Build.0 = Debug|Win32
		{1376D454-300C-4024-B6A1-2877FB86279B}.Release|x64.ActiveCfg = Release|x64
		{1376D454-300C-4024-B6A1-2877FB86279B}.Release|x64.Build.0 = Release|x64
		{1376D454-300C-4024-B6A1-2877FB86279B}.Release|x86.ActiveCfg = Release|Win32
		{1376D454-300C-4024-B6A1-2877FB86279B}.Release|x86.Build.0 = Release|Win32
		{135D2908-47EE-45F8-B647-71BE9197C804}.Debug|x64.ActiveCfg = Debug|x64
		{135D2908-47EE-45F8-B647-71BE9197C804}.Debug|x64.Build.0 = Debug|x64
		{135D2908-47EE-45F8-B647-71BE9197C804}.Debug|x86.ActiveCfg = Debug|Win32
		{135D2908-47EE-45F8-B647-71BE9197C804}.Debug|x86.Build.0 = Debug|Win32
		{135D2908-47EE-45F8-B647-71BE9197C804}.Release|x64.ActiveCfg = Release|x64
		{135D2908-47EE-45F8-B647-71BE9197C804}.Release|x64.Build.0 = Release|x64
		{135D2908-47EE-45F8-B647-71BE9197C804}.Release|x86.ActiveCfg = Release|Win32
		{135D2908-47EE-45F8-B647-71BE9197C804}.Release|x86.Build.0 = Release|Win32
		{645F4DD0-A3CC-481F-A9D6-CCC9FEDE439D}.Debug|x64.ActiveCfg = Debug|x64
		{645F4DD0-A3CC-481F-A9D6-CCC9FEDE439D}.Debug|x64.Build.0 = Debug|x64
		{645F4DD0-A3CC-481F-A9D6-CCC9FEDE439D}.Debug|x86.ActiveCfg = Debug|Win32
		{645F4DD0-A3CC-481F-A9D6-CCC9FEDE439D}.Debug|x86.Build.0 = Debug|Win32
		{645F4DD0-A3CC-481F-A9D6-CCC9FEDE439D}.Release|x64.ActiveCfg = Release|x64
		{645F4DD0-A3CC-481F-A9D6-CCC9FEDE439D}.Release|x64.Build.0 = Release|x64
		{645F4DD0-A3CC-481F-A9D6-CCC9FEDE439D}.Release|x86.ActiveCfg = Release|Win32
		{645F4DD0-A3CC-481F-A9D6-CCC9FEDE439D}.Release|x86.Build.0 = Release|Win32
		{8E8FBE90-3826-4CC0-B2CA-05415A73D5A9}.Debug|x64.ActiveCfg = Debug|x64
		{8E8FBE90-3826-4CC0-B2CA-05415A73D5A9}.Debug|x64.Build.0 = Debug|x64
		{8E8FBE90-3826-4CC0-B2CA-05415A73D5A9}.Debug|x86.ActiveCfg = Debug|Win32
		{8E8FBE90-3826-4CC0-B2CA-05415A73D5A9}.Debug|x86.Build.0 = Debug|Win32
		{8E8FBE90-3826-4CC0-B2CA-05415A73D5A9}.Release|x64.ActiveCfg = Release|x64
		{8E8FBE90-3826-4CC0-B2CA-05415A73D5A9}.Release|x64.Build.0 = Release|x64
		{8E8FBE90-3826-4CC0-B2CA-05415A73D5A9}.Release|x86.ActiveCfg = Release|Win32
		{8E8FBE90-3826-4CC0-B2CA-05415A73D5A9}.Release|x86.Build.0 = Release|Win32
		{9D12214D-C999-4A9D-874B-71CF73B7D24D}.Debug|x64.ActiveCfg = Debug|x64
		{9D12214D-C999-4A9D-874B-71CF73B7D24D}.Debug|x64.Build.0 = Debug|x64
		{9D12214D-C999-4A9D-874B-71CF73B7D24D}.Debug|x86.ActiveCfg = Debug|Win32
		{9D12214D-C999-4A9D-874B-71CF73B7D24D}.Debug|x86.Build.0 = Debug|Win32
		{9D12214D-C999-4A9D-874B-71CF73B7D24D}.Release|x64.ActiveCfg = Release|x64
		{9D12214D-C999-4A9D-874B-71CF73B7D24D}.Release|x64.Build.0 = Release|x64
		{9D12214D-C999-4A9D-874B-71CF73B7D24D}.Release|x86.ActiveCfg = Release|Win32
		{9D12214D-C999-4A9D-874B-71CF73B7D24D}.Release|x86.Build.0 = Release|Win32
		{76618EA0-FA97-4171-A234-EF419A191713}.Debug|x64.ActiveCfg = Debug|x64
		{76618EA0-FA97-4171-A234-EF419A191713}.Debug|x64.Build.0 = Debug|x64
		{76618EA0-FA97-4171-A234-EF419A191713}.Debug|x86.ActiveCfg = Debug|Win32
		{76618EA0-FA97-4171-A234-EF419A191713}.Debug|x86.Build.0 = Debug|Win32
		{76618EA0-FA97-4171-A234-EF419A191713}.Release|x64.ActiveCfg = Release|x64
		{76618EA0-FA97-4171-A234-EF419A191713}.Release|x64.Build.0 = Release|x64
		{76618EA0-FA97-4171-A234-EF419A191713}.Release|x86.ActiveCfg = Release|Win32
		{76618EA0-FA97-4171-A234-EF419A191713}.Release|x86.Build.0 = Release|Win32
		{805FAE83-9FC6-48EF-B793-61F39E9560AB}.Debug|x64.ActiveCfg = Debug|x64
		{805FAE83-9FC6-48EF-B793-61F39E9560AB}.Debug|x64.Build.0 = Debug|x64
		{805FAE83-9FC6-48EF-B793-61F39E9560AB}.Debug|x86.ActiveCfg = Debug|Win32
		{805FAE83-9FC6-48EF-B793-61F39E9560AB}.Debug|x86.Build.0 = Debug|Win32
		{805FAE83-9FC6-48EF-B793-61F39E9560AB}.Release|x64.ActiveCfg = Release|x64
		{805FAE83-9FC6-48EF-B793-61F39E9560AB}.Release|x64.Build.0 = Release|x64
		{805FAE83-9FC6-48EF-B793-61F39E9560AB}.Release|x86.ActiveCfg = Release|Win32
		{805FAE83-9FC6-48EF-B793-61F39E9560AB}.Release|x86.Build.0 = Release|Win32
		{34DD743F-4624-46B2-A540-9693F60A099F}.Debug|x64.ActiveCfg = Debug|x64
		{34DD743F-4624-46B2-A540-9693F60A099F}.Debug|x64.Build.0 = Debug|x64
		{34DD743F-4624-46B2-A540-9693F60A099F}.Debug|x86.ActiveCfg = Debug|Win32
		{34DD743F-4624-46B2-A540-9693F60A099F}.Debug|x86.Build.0 = Debug|Win32
		{34DD743F-4624-46B2-A540-9693F60A099F}.Release|x64.ActiveCfg = Release|x64
		{34DD743F-4624-46B2-A540-9693F60A099F}.Release|x64.Build.0 = Release|x64
		{34DD743F-4624-46B2-A540-9693F60A099F}.Release|x86.ActiveCfg = Release|Win32
		{34DD743F-4624-46B2-A540-9693F60A099F}.Release|x86.Build.0 = Release|Win32
		{997D2453-EB4E-4E3F-BB75-1B15D445E282}.Debug|x64.ActiveCfg = Debug|x64
		{997D2453-EB4E-4E3F-BB75-1B15D445E282}.Debug|x64.Build.0 = Debug|x64
		{997D2453-EB4E-4E3F-BB75-1B15D445E282}.Debug|x86.ActiveCfg = Debug|Win32
		{997D2453-EB4E-4E3F-BB75-1B15D445E282}.Debug|x86.Build.0 = Debug|Win32
		{997D2453-EB4E-4E3F-BB75-1B15D445E282}.Release|x64.ActiveCfg = Release|x64
		{997D2453-EB4E-4E3F-BB75-1B15D445E282}.Release|x64.Build.0 = Release|x64
		{997D2453-EB4E-4E3F-BB75-1B15D445E282}.Release|x86.ActiveCfg = Release|Win32
		{997D2453-EB4E-4E3F-BB75-1B15D445E282}.Release|x86.Build.0 = Release|Win32
		{D918F968-64A2-406C-94D4-4815DC245DD8}.Debug|x64.ActiveCfg = Debug|x64
		{D918F968-64A2-406C-94D4-4815DC245DD8}.Debug|x64.Build.0 = Debug|x64
		{D918F968-64A2-406C-94D4-4815DC245DD8}.Debug|x86.ActiveCfg = Debug|Win32
		{D918F968-64A2-406C-94D4-4815DC245DD8}.Debug|x86.Build.0 = Debug|Win32
		{D918F968-64A2-406C-94D4-4815DC245DD8}.Release|x64.ActiveCfg = Release|x64
		{D918F968-64A2-406C-94D4-4815DC245DD8}.Release|x64.Build.0 = Release|x64
		{D918F968-64A2-406C-94D4-4815DC245DD8}.Release|x86.ActiveCfg = Release|Win32
		{D918F968-64A2-406C-94D4-4815DC245DD8}.Release|x86.Build.0 = Release|Win32
	EndGlobalSection
	GlobalSection(SolutionProperties) = preSolution
		HideSolutionNode = FALSE
	EndGlobalSection
EndGlobal
